
Microsoft Visual Studio Solution File, Format Version 12.00
# Visual Studio 15
VisualStudioVersion = 15.0.27703.2035
MinimumVisualStudioVersion = 10.0.40219.1
Project("{FAE04EC0-301F-11D3-BF4B-00C04F79EFBC}") = "If statement questions", "If statement questions\If statement questions.csproj", "{CA9D8361-9660-4116-93B6-B1C632BFADF3}"
EndProject
Global
	GlobalSection(SolutionConfigurationPlatforms) = preSolution
		Debug|Any CPU = Debug|Any CPU
		Release|Any CPU = Release|Any CPU
	EndGlobalSection
	GlobalSection(ProjectConfigurationPlatforms) = postSolution
		{CA9D8361-9660-4116-93B6-B1C632BFADF3}.Debug|Any CPU.ActiveCfg = Debug|Any CPU
		{CA9D8361-9660-4116-93B6-B1C632BFADF3}.Debug|Any CPU.Build.0 = Debug|Any CPU
		{CA9D8361-9660-4116-93B6-B1C632BFADF3}.Release|Any CPU.ActiveCfg = Release|Any CPU
		{CA9D8361-9660-4116-93B6-B1C632BFADF3}.Release|Any CPU.Build.0 = Release|Any CPU
	EndGlobalSection
	GlobalSection(SolutionProperties) = preSolution
		HideSolutionNode = FALSE
	EndGlobalSection
	GlobalSection(ExtensibilityGlobals) = postSolution
		SolutionGuid = {079234D1-1FAA-4606-85CB-91DA617C7F32}
	EndGlobalSection
EndGlobal
